lockfile_version: '1'
dependencies: []
deployments:
- kind: project-relative
  target: claude
  value: .claude/skills/apm
  runtime: null
  scope: project
  owners:
  - .
  active_owner: .
  content_hash: null
- kind: project-relative
  target: claude
  value: .claude/skills/apm/LICENSE
  runtime: null
  scope: project
  owners:
  - .
  active_owner: .
  content_hash: sha256:661142e53c313d2bb5e1b055f5c0a39001450ff1b5e27b89dc4bc7de9a6352ca
- kind: project-relative
  target: claude
  value: .claude/skills/apm/SKILL.md
  runtime: null
  scope: project
  owners:
  - .
  active_owner: .
  content_hash: sha256:464705a252d004d9f3f59b8bc72567ac3aa89442746b450a03592217cd26bee4
- kind: project-relative
  target: claude
  value: .claude/skills/git-commit
  runtime: null
  scope: project
  owners:
  - .
  active_owner: .
  content_hash: null
- kind: project-relative
  target: claude
  value: .claude/skills/git-commit/SKILL.md
  runtime: null
  scope: project
  owners:
  - .
  active_owner: .
  content_hash: sha256:812ff491c1580cc6c23c3e2d8a1c9dbc1d100cfa057f6866403e490ac55ea1f1
- kind: project-relative
  target: claude
  value: .claude/skills/testing
  runtime: null
  scope: project
  owners:
  - .
  active_owner: .
  content_hash: null
- kind: project-relative
  target: claude
  value: .claude/skills/testing/SKILL.md
  runtime: null
  scope: project
  owners:
  - .
  active_owner: .
  content_hash: sha256:606d3b893b4848a43ed7473a12e892f2dae1f0505196a252de648a20d270e395
- kind: project-relative
  target: claude
  value: .claude/skills/testing/references/browser-tests.md
  runtime: null
  scope: project
  owners:
  - .
  active_owner: .
  content_hash: sha256:70956b4bb75e351e4526e023e1e611afdb697a2d422454b92610e4b885654959
- kind: project-relative
  target: claude
  value: .claude/skills/testing/references/integration-tests.md
  runtime: null
  scope: project
  owners:
  - .
  active_owner: .
  content_hash: sha256:508d0da8e86ff20d852f3421487a020caf3c9294ecc96246c88216e8ff02518e
- kind: project-relative
  target: claude
  value: .claude/skills/testing/references/mocking.md
  runtime: null
  scope: project
  owners:
  - .
  active_owner: .
  content_hash: sha256:17a821b05f80e73947b2862b8265613b891c5880d6ee972419956f7a6933b0b3
- kind: project-relative
  target: claude
  value: .claude/skills/testing/references/type-tests.md
  runtime: null
  scope: project
  owners:
  - .
  active_owner: .
  content_hash: sha256:5ffacd36a4a946b0ddfd0ee1faa3932707acebbb49dcd2b92d2cbe9318d7d299
- kind: project-relative
  target: claude
  value: .claude/skills/testing/references/unit-tests.md
  runtime: null
  scope: project
  owners:
  - .
  active_owner: .
  content_hash: sha256:8132461f3cc529fabc29c21db8156ba91c209e2fa07cf64f1849cf46f0597eac
- kind: project-relative
  target: claude
  value: .claude/skills/typescript
  runtime: null
  scope: project
  owners:
  - .
  active_owner: .
  content_hash: null
- kind: project-relative
  target: claude
  value: .claude/skills/typescript/SKILL.md
  runtime: null
  scope: project
  owners:
  - .
  active_owner: .
  content_hash: sha256:70e94bb258b753ac76331385db1f07ac22daf34d40267ace547a6f485f98cf95
- kind: project-relative
  target: claude
  value: .claude/skills/typescript/references/async-patterns.md
  runtime: null
  scope: project
  owners:
  - .
  active_owner: .
  content_hash: sha256:5378e4906e18685b803ff04fecb79ad179f38ab91676de02c99291af8992a9af
- kind: project-relative
  target: claude
  value: .claude/skills/typescript/references/type-patterns.md
  runtime: null
  scope: project
  owners:
  - .
  active_owner: .
  content_hash: sha256:40856855a45f9b8de9ce7fd8364933df0bc051c098d73eeeb91f408cd9278620
- kind: project-relative
  target: claude
  value: .claude/skills/typescript/references/type-reuse.md
  runtime: null
  scope: project
  owners:
  - .
  active_owner: .
  content_hash: sha256:f17ff543de2dccba2f12f1edd664a61e12adb41b3fefc636087de4232948a440
- kind: project-relative
  target: claude
  value: .claude/skills/workspace-package
  runtime: null
  scope: project
  owners:
  - .
  active_owner: .
  content_hash: null
- kind: project-relative
  target: claude
  value: .claude/skills/workspace-package/SKILL.md
  runtime: null
  scope: project
  owners:
  - .
  active_owner: .
  content_hash: sha256:8dbbb9f72fc2fa698b339c52dfaea54ede142e29b56c2fc079ce04abd53c7169
- kind: project-relative
  target: claude
  value: .claude/skills/workspace-package/references/entry-points.md
  runtime: null
  scope: project
  owners:
  - .
  active_owner: .
  content_hash: sha256:a6774d37ed1989caceb095ce93f7408e9dc595af28ec25b5b8238036ad231d18
- kind: project-relative
  target: claude
  value: .claude/skills/workspace-package/references/package-configuration.md
  runtime: null
  scope: project
  owners:
  - .
  active_owner: .
  content_hash: sha256:6c12bef2440a0a11b73dd1e9b63199bcf4e9d51a66267b71d2f4146969febef3
- kind: project-relative
  target: claude
  value: .claude/skills/workspace-package/references/package-readme.md
  runtime: null
  scope: project
  owners:
  - .
  active_owner: .
  content_hash: sha256:91cff44d5c395d73dd552df0bc7d11a1177a855b2133118f675d126ada04d1ee
- kind: project-relative
  target: legacy
  value: .agents/skills/apm
  runtime: null
  scope: project
  owners:
  - .
  active_owner: .
  content_hash: null
- kind: project-relative
  target: legacy
  value: .agents/skills/apm/LICENSE
  runtime: null
  scope: project
  owners:
  - .
  active_owner: .
  content_hash: sha256:661142e53c313d2bb5e1b055f5c0a39001450ff1b5e27b89dc4bc7de9a6352ca
- kind: project-relative
  target: legacy
  value: .agents/skills/apm/SKILL.md
  runtime: null
  scope: project
  owners:
  - .
  active_owner: .
  content_hash: sha256:464705a252d004d9f3f59b8bc72567ac3aa89442746b450a03592217cd26bee4
- kind: project-relative
  target: legacy
  value: .agents/skills/git-commit
  runtime: null
  scope: project
  owners:
  - .
  active_owner: .
  content_hash: null
- kind: project-relative
  target: legacy
  value: .agents/skills/git-commit/SKILL.md
  runtime: null
  scope: project
  owners:
  - .
  active_owner: .
  content_hash: sha256:812ff491c1580cc6c23c3e2d8a1c9dbc1d100cfa057f6866403e490ac55ea1f1
- kind: project-relative
  target: legacy
  value: .agents/skills/testing
  runtime: null
  scope: project
  owners:
  - .
  active_owner: .
  content_hash: null
- kind: project-relative
  target: legacy
  value: .agents/skills/testing/SKILL.md
  runtime: null
  scope: project
  owners:
  - .
  active_owner: .
  content_hash: sha256:606d3b893b4848a43ed7473a12e892f2dae1f0505196a252de648a20d270e395
- kind: project-relative
  target: legacy
  value: .agents/skills/testing/references/browser-tests.md
  runtime: null
  scope: project
  owners:
  - .
  active_owner: .
  content_hash: sha256:70956b4bb75e351e4526e023e1e611afdb697a2d422454b92610e4b885654959
- kind: project-relative
  target: legacy
  value: .agents/skills/testing/references/integration-tests.md
  runtime: null
  scope: project
  owners:
  - .
  active_owner: .
  content_hash: sha256:508d0da8e86ff20d852f3421487a020caf3c9294ecc96246c88216e8ff02518e
- kind: project-relative
  target: legacy
  value: .agents/skills/testing/references/mocking.md
  runtime: null
  scope: project
  owners:
  - .
  active_owner: .
  content_hash: sha256:17a821b05f80e73947b2862b8265613b891c5880d6ee972419956f7a6933b0b3
- kind: project-relative
  target: legacy
  value: .agents/skills/testing/references/type-tests.md
  runtime: null
  scope: project
  owners:
  - .
  active_owner: .
  content_hash: sha256:5ffacd36a4a946b0ddfd0ee1faa3932707acebbb49dcd2b92d2cbe9318d7d299
- kind: project-relative
  target: legacy
  value: .agents/skills/testing/references/unit-tests.md
  runtime: null
  scope: project
  owners:
  - .
  active_owner: .
  content_hash: sha256:8132461f3cc529fabc29c21db8156ba91c209e2fa07cf64f1849cf46f0597eac
- kind: project-relative
  target: legacy
  value: .agents/skills/typescript
  runtime: null
  scope: project
  owners:
  - .
  active_owner: .
  content_hash: null
- kind: project-relative
  target: legacy
  value: .agents/skills/typescript/SKILL.md
  runtime: null
  scope: project
  owners:
  - .
  active_owner: .
  content_hash: sha256:70e94bb258b753ac76331385db1f07ac22daf34d40267ace547a6f485f98cf95
- kind: project-relative
  target: legacy
  value: .agents/skills/typescript/references/async-patterns.md
  runtime: null
  scope: project
  owners:
  - .
  active_owner: .
  content_hash: sha256:5378e4906e18685b803ff04fecb79ad179f38ab91676de02c99291af8992a9af
- kind: project-relative
  target: legacy
  value: .agents/skills/typescript/references/type-patterns.md
  runtime: null
  scope: project
  owners:
  - .
  active_owner: .
  content_hash: sha256:40856855a45f9b8de9ce7fd8364933df0bc051c098d73eeeb91f408cd9278620
- kind: project-relative
  target: legacy
  value: .agents/skills/typescript/references/type-reuse.md
  runtime: null
  scope: project
  owners:
  - .
  active_owner: .
  content_hash: sha256:f17ff543de2dccba2f12f1edd664a61e12adb41b3fefc636087de4232948a440
- kind: project-relative
  target: legacy
  value: .agents/skills/workspace-package
  runtime: null
  scope: project
  owners:
  - .
  active_owner: .
  content_hash: null
- kind: project-relative
  target: legacy
  value: .agents/skills/workspace-package/SKILL.md
  runtime: null
  scope: project
  owners:
  - .
  active_owner: .
  content_hash: sha256:8dbbb9f72fc2fa698b339c52dfaea54ede142e29b56c2fc079ce04abd53c7169
- kind: project-relative
  target: legacy
  value: .agents/skills/workspace-package/references/entry-points.md
  runtime: null
  scope: project
  owners:
  - .
  active_owner: .
  content_hash: sha256:a6774d37ed1989caceb095ce93f7408e9dc595af28ec25b5b8238036ad231d18
- kind: project-relative
  target: legacy
  value: .agents/skills/workspace-package/references/package-configuration.md
  runtime: null
  scope: project
  owners:
  - .
  active_owner: .
  content_hash: sha256:6c12bef2440a0a11b73dd1e9b63199bcf4e9d51a66267b71d2f4146969febef3
- kind: project-relative
  target: legacy
  value: .agents/skills/workspace-package/references/package-readme.md
  runtime: null
  scope: project
  owners:
  - .
  active_owner: .
  content_hash: sha256:91cff44d5c395d73dd552df0bc7d11a1177a855b2133118f675d126ada04d1ee
local_deployed_files:
- .agents/skills/apm
- .agents/skills/apm/LICENSE
- .agents/skills/apm/SKILL.md
- .agents/skills/git-commit
- .agents/skills/git-commit/SKILL.md
- .agents/skills/testing
- .agents/skills/testing/SKILL.md
- .agents/skills/testing/references/browser-tests.md
- .agents/skills/testing/references/integration-tests.md
- .agents/skills/testing/references/mocking.md
- .agents/skills/testing/references/type-tests.md
- .agents/skills/testing/references/unit-tests.md
- .agents/skills/typescript
- .agents/skills/typescript/SKILL.md
- .agents/skills/typescript/references/async-patterns.md
- .agents/skills/typescript/references/type-patterns.md
- .agents/skills/typescript/references/type-reuse.md
- .agents/skills/workspace-package
- .agents/skills/workspace-package/SKILL.md
- .agents/skills/workspace-package/references/entry-points.md
- .agents/skills/workspace-package/references/package-configuration.md
- .agents/skills/workspace-package/references/package-readme.md
- .claude/skills/apm
- .claude/skills/apm/LICENSE
- .claude/skills/apm/SKILL.md
- .claude/skills/git-commit
- .claude/skills/git-commit/SKILL.md
- .claude/skills/testing
- .claude/skills/testing/SKILL.md
- .claude/skills/testing/references/browser-tests.md
- .claude/skills/testing/references/integration-tests.md
- .claude/skills/testing/references/mocking.md
- .claude/skills/testing/references/type-tests.md
- .claude/skills/testing/references/unit-tests.md
- .claude/skills/typescript
- .claude/skills/typescript/SKILL.md
- .claude/skills/typescript/references/async-patterns.md
- .claude/skills/typescript/references/type-patterns.md
- .claude/skills/typescript/references/type-reuse.md
- .claude/skills/workspace-package
- .claude/skills/workspace-package/SKILL.md
- .claude/skills/workspace-package/references/entry-points.md
- .claude/skills/workspace-package/references/package-configuration.md
- .claude/skills/workspace-package/references/package-readme.md
local_deployed_file_hashes:
  .agents/skills/apm/LICENSE: sha256:661142e53c313d2bb5e1b055f5c0a39001450ff1b5e27b89dc4bc7de9a6352ca
  .agents/skills/apm/SKILL.md: sha256:464705a252d004d9f3f59b8bc72567ac3aa89442746b450a03592217cd26bee4
  .agents/skills/git-commit/SKILL.md: sha256:812ff491c1580cc6c23c3e2d8a1c9dbc1d100cfa057f6866403e490ac55ea1f1
  .agents/skills/testing/SKILL.md: sha256:606d3b893b4848a43ed7473a12e892f2dae1f0505196a252de648a20d270e395
  .agents/skills/testing/references/browser-tests.md: sha256:70956b4bb75e351e4526e023e1e611afdb697a2d422454b92610e4b885654959
  .agents/skills/testing/references/integration-tests.md: sha256:508d0da8e86ff20d852f3421487a020caf3c9294ecc96246c88216e8ff02518e
  .agents/skills/testing/references/mocking.md: sha256:17a821b05f80e73947b2862b8265613b891c5880d6ee972419956f7a6933b0b3
  .agents/skills/testing/references/type-tests.md: sha256:5ffacd36a4a946b0ddfd0ee1faa3932707acebbb49dcd2b92d2cbe9318d7d299
  .agents/skills/testing/references/unit-tests.md: sha256:8132461f3cc529fabc29c21db8156ba91c209e2fa07cf64f1849cf46f0597eac
  .agents/skills/typescript/SKILL.md: sha256:70e94bb258b753ac76331385db1f07ac22daf34d40267ace547a6f485f98cf95
  .agents/skills/typescript/references/async-patterns.md: sha256:5378e4906e18685b803ff04fecb79ad179f38ab91676de02c99291af8992a9af
  .agents/skills/typescript/references/type-patterns.md: sha256:40856855a45f9b8de9ce7fd8364933df0bc051c098d73eeeb91f408cd9278620
  .agents/skills/typescript/references/type-reuse.md: sha256:f17ff543de2dccba2f12f1edd664a61e12adb41b3fefc636087de4232948a440
  .agents/skills/workspace-package/SKILL.md: sha256:8dbbb9f72fc2fa698b339c52dfaea54ede142e29b56c2fc079ce04abd53c7169
  .agents/skills/workspace-package/references/entry-points.md: sha256:a6774d37ed1989caceb095ce93f7408e9dc595af28ec25b5b8238036ad231d18
  .agents/skills/workspace-package/references/package-configuration.md: sha256:6c12bef2440a0a11b73dd1e9b63199bcf4e9d51a66267b71d2f4146969febef3
  .agents/skills/workspace-package/references/package-readme.md: sha256:91cff44d5c395d73dd552df0bc7d11a1177a855b2133118f675d126ada04d1ee
  .claude/skills/apm/LICENSE: sha256:661142e53c313d2bb5e1b055f5c0a39001450ff1b5e27b89dc4bc7de9a6352ca
  .claude/skills/apm/SKILL.md: sha256:464705a252d004d9f3f59b8bc72567ac3aa89442746b450a03592217cd26bee4
  .claude/skills/git-commit/SKILL.md: sha256:812ff491c1580cc6c23c3e2d8a1c9dbc1d100cfa057f6866403e490ac55ea1f1
  .claude/skills/testing/SKILL.md: sha256:606d3b893b4848a43ed7473a12e892f2dae1f0505196a252de648a20d270e395
  .claude/skills/testing/references/browser-tests.md: sha256:70956b4bb75e351e4526e023e1e611afdb697a2d422454b92610e4b885654959
  .claude/skills/testing/references/integration-tests.md: sha256:508d0da8e86ff20d852f3421487a020caf3c9294ecc96246c88216e8ff02518e
  .claude/skills/testing/references/mocking.md: sha256:17a821b05f80e73947b2862b8265613b891c5880d6ee972419956f7a6933b0b3
  .claude/skills/testing/references/type-tests.md: sha256:5ffacd36a4a946b0ddfd0ee1faa3932707acebbb49dcd2b92d2cbe9318d7d299
  .claude/skills/testing/references/unit-tests.md: sha256:8132461f3cc529fabc29c21db8156ba91c209e2fa07cf64f1849cf46f0597eac
  .claude/skills/typescript/SKILL.md: sha256:70e94bb258b753ac76331385db1f07ac22daf34d40267ace547a6f485f98cf95
  .claude/skills/typescript/references/async-patterns.md: sha256:5378e4906e18685b803ff04fecb79ad179f38ab91676de02c99291af8992a9af
  .claude/skills/typescript/references/type-patterns.md: sha256:40856855a45f9b8de9ce7fd8364933df0bc051c098d73eeeb91f408cd9278620
  .claude/skills/typescript/references/type-reuse.md: sha256:f17ff543de2dccba2f12f1edd664a61e12adb41b3fefc636087de4232948a440
  .claude/skills/workspace-package/SKILL.md: sha256:8dbbb9f72fc2fa698b339c52dfaea54ede142e29b56c2fc079ce04abd53c7169
  .claude/skills/workspace-package/references/entry-points.md: sha256:a6774d37ed1989caceb095ce93f7408e9dc595af28ec25b5b8238036ad231d18
  .claude/skills/workspace-package/references/package-configuration.md: sha256:6c12bef2440a0a11b73dd1e9b63199bcf4e9d51a66267b71d2f4146969febef3
  .claude/skills/workspace-package/references/package-readme.md: sha256:91cff44d5c395d73dd552df0bc7d11a1177a855b2133118f675d126ada04d1ee
