lockfile_version: '1'
dependencies: []
deployments:
- kind: project-relative
  target: claude
  value: .claude/skills/apm
  runtime: null
  scope: project
  owners:
  - .
  active_owner: .
  content_hash: null
- kind: project-relative
  target: claude
  value: .claude/skills/apm/LICENSE
  runtime: null
  scope: project
  owners:
  - .
  active_owner: .
  content_hash: sha256:661142e53c313d2bb5e1b055f5c0a39001450ff1b5e27b89dc4bc7de9a6352ca
- kind: project-relative
  target: claude
  value: .claude/skills/apm/SKILL.md
  runtime: null
  scope: project
  owners:
  - .
  active_owner: .
  content_hash: sha256:ec66c9d0011ab4f651236ad6d55b66f10a64f8f7609324681faffcdd88f82738
- kind: project-relative
  target: claude
  value: .claude/skills/git-commit
  runtime: null
  scope: project
  owners:
  - .
  active_owner: .
  content_hash: null
- kind: project-relative
  target: claude
  value: .claude/skills/git-commit/SKILL.md
  runtime: null
  scope: project
  owners:
  - .
  active_owner: .
  content_hash: sha256:2c912760996896a5b454cbcee19bf01d8b28b3a0f1b4c429edfb593f46323807
- kind: project-relative
  target: claude
  value: .claude/skills/testing
  runtime: null
  scope: project
  owners:
  - .
  active_owner: .
  content_hash: null
- kind: project-relative
  target: claude
  value: .claude/skills/testing/SKILL.md
  runtime: null
  scope: project
  owners:
  - .
  active_owner: .
  content_hash: sha256:bc9bd56aa7b177cdc1e66def6caef557c7e360984557860ff37d17dcbc4f0d27
- kind: project-relative
  target: claude
  value: .claude/skills/testing/references/browser-tests.md
  runtime: null
  scope: project
  owners:
  - .
  active_owner: .
  content_hash: sha256:43f86be8422d7878e74454d7c9866024ff3f8a300c91e1103ba9a68168b399eb
- kind: project-relative
  target: claude
  value: .claude/skills/testing/references/integration-tests.md
  runtime: null
  scope: project
  owners:
  - .
  active_owner: .
  content_hash: sha256:1c5ce21999546d13213f230e5432eee79b3b30813e958c995d5160d1f2299f14
- kind: project-relative
  target: claude
  value: .claude/skills/testing/references/mocking.md
  runtime: null
  scope: project
  owners:
  - .
  active_owner: .
  content_hash: sha256:c46e6d2cea2918135d4c88141ee236787d40889a458e4cfd1530bd225bc90535
- kind: project-relative
  target: claude
  value: .claude/skills/testing/references/type-tests.md
  runtime: null
  scope: project
  owners:
  - .
  active_owner: .
  content_hash: sha256:6093b0ddc13af95c0ea2e9f12fa5318d2329264f600884880cb143d5f2f50a1b
- kind: project-relative
  target: claude
  value: .claude/skills/testing/references/unit-tests.md
  runtime: null
  scope: project
  owners:
  - .
  active_owner: .
  content_hash: sha256:c50754ac959b8e1aca4e95c46271d7b85cc43d852bc289b385943ab9ea5f9cc5
- kind: project-relative
  target: claude
  value: .claude/skills/typescript
  runtime: null
  scope: project
  owners:
  - .
  active_owner: .
  content_hash: null
- kind: project-relative
  target: claude
  value: .claude/skills/typescript/SKILL.md
  runtime: null
  scope: project
  owners:
  - .
  active_owner: .
  content_hash: sha256:9674097bd555893b0a4988924cd44e7adc40595eafef78757e012de39dfd793e
- kind: project-relative
  target: claude
  value: .claude/skills/typescript/references/async-patterns.md
  runtime: null
  scope: project
  owners:
  - .
  active_owner: .
  content_hash: sha256:157d045349cfa4b898cd1abcc36d90470fa9631a18dd17835f0a16e2989129e1
- kind: project-relative
  target: claude
  value: .claude/skills/typescript/references/type-patterns.md
  runtime: null
  scope: project
  owners:
  - .
  active_owner: .
  content_hash: sha256:4ae91bfc883e4d436246693126e39d089220ecd6bbd7990f794689f073456fd4
- kind: project-relative
  target: claude
  value: .claude/skills/typescript/references/type-reuse.md
  runtime: null
  scope: project
  owners:
  - .
  active_owner: .
  content_hash: sha256:0ef96ab2a69de19a6463037b08694386201849d5c39ac3f465bd34d393d9e5f0
- kind: project-relative
  target: claude
  value: .claude/skills/workspace-package
  runtime: null
  scope: project
  owners:
  - .
  active_owner: .
  content_hash: null
- kind: project-relative
  target: claude
  value: .claude/skills/workspace-package/SKILL.md
  runtime: null
  scope: project
  owners:
  - .
  active_owner: .
  content_hash: sha256:e31de4eb366a8bfa776746030ef21aab28431e3d0adcda07ec15f32958fee974
- kind: project-relative
  target: legacy
  value: .agents/skills/apm
  runtime: null
  scope: project
  owners:
  - .
  active_owner: .
  content_hash: null
- kind: project-relative
  target: legacy
  value: .agents/skills/apm/LICENSE
  runtime: null
  scope: project
  owners:
  - .
  active_owner: .
  content_hash: sha256:661142e53c313d2bb5e1b055f5c0a39001450ff1b5e27b89dc4bc7de9a6352ca
- kind: project-relative
  target: legacy
  value: .agents/skills/apm/SKILL.md
  runtime: null
  scope: project
  owners:
  - .
  active_owner: .
  content_hash: sha256:ec66c9d0011ab4f651236ad6d55b66f10a64f8f7609324681faffcdd88f82738
- kind: project-relative
  target: legacy
  value: .agents/skills/git-commit
  runtime: null
  scope: project
  owners:
  - .
  active_owner: .
  content_hash: null
- kind: project-relative
  target: legacy
  value: .agents/skills/git-commit/SKILL.md
  runtime: null
  scope: project
  owners:
  - .
  active_owner: .
  content_hash: sha256:2c912760996896a5b454cbcee19bf01d8b28b3a0f1b4c429edfb593f46323807
- kind: project-relative
  target: legacy
  value: .agents/skills/testing
  runtime: null
  scope: project
  owners:
  - .
  active_owner: .
  content_hash: null
- kind: project-relative
  target: legacy
  value: .agents/skills/testing/SKILL.md
  runtime: null
  scope: project
  owners:
  - .
  active_owner: .
  content_hash: sha256:bc9bd56aa7b177cdc1e66def6caef557c7e360984557860ff37d17dcbc4f0d27
- kind: project-relative
  target: legacy
  value: .agents/skills/testing/references/browser-tests.md
  runtime: null
  scope: project
  owners:
  - .
  active_owner: .
  content_hash: sha256:43f86be8422d7878e74454d7c9866024ff3f8a300c91e1103ba9a68168b399eb
- kind: project-relative
  target: legacy
  value: .agents/skills/testing/references/integration-tests.md
  runtime: null
  scope: project
  owners:
  - .
  active_owner: .
  content_hash: sha256:1c5ce21999546d13213f230e5432eee79b3b30813e958c995d5160d1f2299f14
- kind: project-relative
  target: legacy
  value: .agents/skills/testing/references/mocking.md
  runtime: null
  scope: project
  owners:
  - .
  active_owner: .
  content_hash: sha256:c46e6d2cea2918135d4c88141ee236787d40889a458e4cfd1530bd225bc90535
- kind: project-relative
  target: legacy
  value: .agents/skills/testing/references/type-tests.md
  runtime: null
  scope: project
  owners:
  - .
  active_owner: .
  content_hash: sha256:6093b0ddc13af95c0ea2e9f12fa5318d2329264f600884880cb143d5f2f50a1b
- kind: project-relative
  target: legacy
  value: .agents/skills/testing/references/unit-tests.md
  runtime: null
  scope: project
  owners:
  - .
  active_owner: .
  content_hash: sha256:c50754ac959b8e1aca4e95c46271d7b85cc43d852bc289b385943ab9ea5f9cc5
- kind: project-relative
  target: legacy
  value: .agents/skills/typescript
  runtime: null
  scope: project
  owners:
  - .
  active_owner: .
  content_hash: null
- kind: project-relative
  target: legacy
  value: .agents/skills/typescript/SKILL.md
  runtime: null
  scope: project
  owners:
  - .
  active_owner: .
  content_hash: sha256:9674097bd555893b0a4988924cd44e7adc40595eafef78757e012de39dfd793e
- kind: project-relative
  target: legacy
  value: .agents/skills/typescript/references/async-patterns.md
  runtime: null
  scope: project
  owners:
  - .
  active_owner: .
  content_hash: sha256:157d045349cfa4b898cd1abcc36d90470fa9631a18dd17835f0a16e2989129e1
- kind: project-relative
  target: legacy
  value: .agents/skills/typescript/references/type-patterns.md
  runtime: null
  scope: project
  owners:
  - .
  active_owner: .
  content_hash: sha256:4ae91bfc883e4d436246693126e39d089220ecd6bbd7990f794689f073456fd4
- kind: project-relative
  target: legacy
  value: .agents/skills/typescript/references/type-reuse.md
  runtime: null
  scope: project
  owners:
  - .
  active_owner: .
  content_hash: sha256:0ef96ab2a69de19a6463037b08694386201849d5c39ac3f465bd34d393d9e5f0
- kind: project-relative
  target: legacy
  value: .agents/skills/workspace-package
  runtime: null
  scope: project
  owners:
  - .
  active_owner: .
  content_hash: null
- kind: project-relative
  target: legacy
  value: .agents/skills/workspace-package/SKILL.md
  runtime: null
  scope: project
  owners:
  - .
  active_owner: .
  content_hash: sha256:e31de4eb366a8bfa776746030ef21aab28431e3d0adcda07ec15f32958fee974
local_deployed_files:
- .agents/skills/apm
- .agents/skills/apm/LICENSE
- .agents/skills/apm/SKILL.md
- .agents/skills/git-commit
- .agents/skills/git-commit/SKILL.md
- .agents/skills/testing
- .agents/skills/testing/SKILL.md
- .agents/skills/testing/references/browser-tests.md
- .agents/skills/testing/references/integration-tests.md
- .agents/skills/testing/references/mocking.md
- .agents/skills/testing/references/type-tests.md
- .agents/skills/testing/references/unit-tests.md
- .agents/skills/typescript
- .agents/skills/typescript/SKILL.md
- .agents/skills/typescript/references/async-patterns.md
- .agents/skills/typescript/references/type-patterns.md
- .agents/skills/typescript/references/type-reuse.md
- .agents/skills/workspace-package
- .agents/skills/workspace-package/SKILL.md
- .claude/skills/apm
- .claude/skills/apm/LICENSE
- .claude/skills/apm/SKILL.md
- .claude/skills/git-commit
- .claude/skills/git-commit/SKILL.md
- .claude/skills/testing
- .claude/skills/testing/SKILL.md
- .claude/skills/testing/references/browser-tests.md
- .claude/skills/testing/references/integration-tests.md
- .claude/skills/testing/references/mocking.md
- .claude/skills/testing/references/type-tests.md
- .claude/skills/testing/references/unit-tests.md
- .claude/skills/typescript
- .claude/skills/typescript/SKILL.md
- .claude/skills/typescript/references/async-patterns.md
- .claude/skills/typescript/references/type-patterns.md
- .claude/skills/typescript/references/type-reuse.md
- .claude/skills/workspace-package
- .claude/skills/workspace-package/SKILL.md
local_deployed_file_hashes:
  .agents/skills/apm/LICENSE: sha256:661142e53c313d2bb5e1b055f5c0a39001450ff1b5e27b89dc4bc7de9a6352ca
  .agents/skills/apm/SKILL.md: sha256:ec66c9d0011ab4f651236ad6d55b66f10a64f8f7609324681faffcdd88f82738
  .agents/skills/git-commit/SKILL.md: sha256:2c912760996896a5b454cbcee19bf01d8b28b3a0f1b4c429edfb593f46323807
  .agents/skills/testing/SKILL.md: sha256:bc9bd56aa7b177cdc1e66def6caef557c7e360984557860ff37d17dcbc4f0d27
  .agents/skills/testing/references/browser-tests.md: sha256:43f86be8422d7878e74454d7c9866024ff3f8a300c91e1103ba9a68168b399eb
  .agents/skills/testing/references/integration-tests.md: sha256:1c5ce21999546d13213f230e5432eee79b3b30813e958c995d5160d1f2299f14
  .agents/skills/testing/references/mocking.md: sha256:c46e6d2cea2918135d4c88141ee236787d40889a458e4cfd1530bd225bc90535
  .agents/skills/testing/references/type-tests.md: sha256:6093b0ddc13af95c0ea2e9f12fa5318d2329264f600884880cb143d5f2f50a1b
  .agents/skills/testing/references/unit-tests.md: sha256:c50754ac959b8e1aca4e95c46271d7b85cc43d852bc289b385943ab9ea5f9cc5
  .agents/skills/typescript/SKILL.md: sha256:9674097bd555893b0a4988924cd44e7adc40595eafef78757e012de39dfd793e
  .agents/skills/typescript/references/async-patterns.md: sha256:157d045349cfa4b898cd1abcc36d90470fa9631a18dd17835f0a16e2989129e1
  .agents/skills/typescript/references/type-patterns.md: sha256:4ae91bfc883e4d436246693126e39d089220ecd6bbd7990f794689f073456fd4
  .agents/skills/typescript/references/type-reuse.md: sha256:0ef96ab2a69de19a6463037b08694386201849d5c39ac3f465bd34d393d9e5f0
  .agents/skills/workspace-package/SKILL.md: sha256:e31de4eb366a8bfa776746030ef21aab28431e3d0adcda07ec15f32958fee974
  .claude/skills/apm/LICENSE: sha256:661142e53c313d2bb5e1b055f5c0a39001450ff1b5e27b89dc4bc7de9a6352ca
  .claude/skills/apm/SKILL.md: sha256:ec66c9d0011ab4f651236ad6d55b66f10a64f8f7609324681faffcdd88f82738
  .claude/skills/git-commit/SKILL.md: sha256:2c912760996896a5b454cbcee19bf01d8b28b3a0f1b4c429edfb593f46323807
  .claude/skills/testing/SKILL.md: sha256:bc9bd56aa7b177cdc1e66def6caef557c7e360984557860ff37d17dcbc4f0d27
  .claude/skills/testing/references/browser-tests.md: sha256:43f86be8422d7878e74454d7c9866024ff3f8a300c91e1103ba9a68168b399eb
  .claude/skills/testing/references/integration-tests.md: sha256:1c5ce21999546d13213f230e5432eee79b3b30813e958c995d5160d1f2299f14
  .claude/skills/testing/references/mocking.md: sha256:c46e6d2cea2918135d4c88141ee236787d40889a458e4cfd1530bd225bc90535
  .claude/skills/testing/references/type-tests.md: sha256:6093b0ddc13af95c0ea2e9f12fa5318d2329264f600884880cb143d5f2f50a1b
  .claude/skills/testing/references/unit-tests.md: sha256:c50754ac959b8e1aca4e95c46271d7b85cc43d852bc289b385943ab9ea5f9cc5
  .claude/skills/typescript/SKILL.md: sha256:9674097bd555893b0a4988924cd44e7adc40595eafef78757e012de39dfd793e
  .claude/skills/typescript/references/async-patterns.md: sha256:157d045349cfa4b898cd1abcc36d90470fa9631a18dd17835f0a16e2989129e1
  .claude/skills/typescript/references/type-patterns.md: sha256:4ae91bfc883e4d436246693126e39d089220ecd6bbd7990f794689f073456fd4
  .claude/skills/typescript/references/type-reuse.md: sha256:0ef96ab2a69de19a6463037b08694386201849d5c39ac3f465bd34d393d9e5f0
  .claude/skills/workspace-package/SKILL.md: sha256:e31de4eb366a8bfa776746030ef21aab28431e3d0adcda07ec15f32958fee974
