lockfile_version: '1'
dependencies: []
deployments:
- kind: project-relative
  target: claude
  value: .claude/skills/apm
  runtime: null
  scope: project
  owners:
  - .
  active_owner: .
  content_hash: null
- kind: project-relative
  target: claude
  value: .claude/skills/apm/LICENSE
  runtime: null
  scope: project
  owners:
  - .
  active_owner: .
  content_hash: sha256:661142e53c313d2bb5e1b055f5c0a39001450ff1b5e27b89dc4bc7de9a6352ca
- kind: project-relative
  target: claude
  value: .claude/skills/apm/SKILL.md
  runtime: null
  scope: project
  owners:
  - .
  active_owner: .
  content_hash: sha256:c6b0a41c390d64c7605f22141b405dd4c919f1766760b6f9a14f117efb669718
- kind: project-relative
  target: claude
  value: .claude/skills/git-commit
  runtime: null
  scope: project
  owners:
  - .
  active_owner: .
  content_hash: null
- kind: project-relative
  target: claude
  value: .claude/skills/git-commit/SKILL.md
  runtime: null
  scope: project
  owners:
  - .
  active_owner: .
  content_hash: sha256:fdaee3b4e7fee50a5f00e4f87cc3319392631db7f37ce76d570bd19b867c1ff1
- kind: project-relative
  target: claude
  value: .claude/skills/git-pull
  runtime: null
  scope: project
  owners:
  - .
  active_owner: .
  content_hash: null
- kind: project-relative
  target: claude
  value: .claude/skills/git-pull/SKILL.md
  runtime: null
  scope: project
  owners:
  - .
  active_owner: .
  content_hash: sha256:47d82c48360fa489829eb75865b12f031a99ce210c88cd587a893c61a2c002b7
- kind: project-relative
  target: claude
  value: .claude/skills/workspace-package
  runtime: null
  scope: project
  owners:
  - .
  active_owner: .
  content_hash: null
- kind: project-relative
  target: claude
  value: .claude/skills/workspace-package/SKILL.md
  runtime: null
  scope: project
  owners:
  - .
  active_owner: .
  content_hash: sha256:5ae7867be90ef8fd863e5f84e67398ba5347b200d317fff47935a1819a7e08be
- kind: project-relative
  target: legacy
  value: .agents/skills/apm
  runtime: null
  scope: project
  owners:
  - .
  active_owner: .
  content_hash: null
- kind: project-relative
  target: legacy
  value: .agents/skills/apm/LICENSE
  runtime: null
  scope: project
  owners:
  - .
  active_owner: .
  content_hash: sha256:661142e53c313d2bb5e1b055f5c0a39001450ff1b5e27b89dc4bc7de9a6352ca
- kind: project-relative
  target: legacy
  value: .agents/skills/apm/SKILL.md
  runtime: null
  scope: project
  owners:
  - .
  active_owner: .
  content_hash: sha256:c6b0a41c390d64c7605f22141b405dd4c919f1766760b6f9a14f117efb669718
- kind: project-relative
  target: legacy
  value: .agents/skills/git-commit
  runtime: null
  scope: project
  owners:
  - .
  active_owner: .
  content_hash: null
- kind: project-relative
  target: legacy
  value: .agents/skills/git-commit/SKILL.md
  runtime: null
  scope: project
  owners:
  - .
  active_owner: .
  content_hash: sha256:fdaee3b4e7fee50a5f00e4f87cc3319392631db7f37ce76d570bd19b867c1ff1
- kind: project-relative
  target: legacy
  value: .agents/skills/git-pull
  runtime: null
  scope: project
  owners:
  - .
  active_owner: .
  content_hash: null
- kind: project-relative
  target: legacy
  value: .agents/skills/git-pull/SKILL.md
  runtime: null
  scope: project
  owners:
  - .
  active_owner: .
  content_hash: sha256:47d82c48360fa489829eb75865b12f031a99ce210c88cd587a893c61a2c002b7
- kind: project-relative
  target: legacy
  value: .agents/skills/workspace-package
  runtime: null
  scope: project
  owners:
  - .
  active_owner: .
  content_hash: null
- kind: project-relative
  target: legacy
  value: .agents/skills/workspace-package/SKILL.md
  runtime: null
  scope: project
  owners:
  - .
  active_owner: .
  content_hash: sha256:5ae7867be90ef8fd863e5f84e67398ba5347b200d317fff47935a1819a7e08be
local_deployed_files:
- .agents/skills/apm
- .agents/skills/apm/LICENSE
- .agents/skills/apm/SKILL.md
- .agents/skills/git-commit
- .agents/skills/git-commit/SKILL.md
- .agents/skills/git-pull
- .agents/skills/git-pull/SKILL.md
- .agents/skills/workspace-package
- .agents/skills/workspace-package/SKILL.md
- .claude/skills/apm
- .claude/skills/apm/LICENSE
- .claude/skills/apm/SKILL.md
- .claude/skills/git-commit
- .claude/skills/git-commit/SKILL.md
- .claude/skills/git-pull
- .claude/skills/git-pull/SKILL.md
- .claude/skills/workspace-package
- .claude/skills/workspace-package/SKILL.md
local_deployed_file_hashes:
  .agents/skills/apm/LICENSE: sha256:661142e53c313d2bb5e1b055f5c0a39001450ff1b5e27b89dc4bc7de9a6352ca
  .agents/skills/apm/SKILL.md: sha256:c6b0a41c390d64c7605f22141b405dd4c919f1766760b6f9a14f117efb669718
  .agents/skills/git-commit/SKILL.md: sha256:fdaee3b4e7fee50a5f00e4f87cc3319392631db7f37ce76d570bd19b867c1ff1
  .agents/skills/git-pull/SKILL.md: sha256:47d82c48360fa489829eb75865b12f031a99ce210c88cd587a893c61a2c002b7
  .agents/skills/workspace-package/SKILL.md: sha256:5ae7867be90ef8fd863e5f84e67398ba5347b200d317fff47935a1819a7e08be
  .claude/skills/apm/LICENSE: sha256:661142e53c313d2bb5e1b055f5c0a39001450ff1b5e27b89dc4bc7de9a6352ca
  .claude/skills/apm/SKILL.md: sha256:c6b0a41c390d64c7605f22141b405dd4c919f1766760b6f9a14f117efb669718
  .claude/skills/git-commit/SKILL.md: sha256:fdaee3b4e7fee50a5f00e4f87cc3319392631db7f37ce76d570bd19b867c1ff1
  .claude/skills/git-pull/SKILL.md: sha256:47d82c48360fa489829eb75865b12f031a99ce210c88cd587a893c61a2c002b7
  .claude/skills/workspace-package/SKILL.md: sha256:5ae7867be90ef8fd863e5f84e67398ba5347b200d317fff47935a1819a7e08be
